// !$*UTF8*$!
{
	archiveVersion = 1;
	classes = {
	};
	objectVersion = 55;
	objects = {

/* Begin PBXBuildFile section */
		04A3E9E62843A1EB00E05EC0 /* AppDelegate.swift in Sources */ = {isa = PBXBuildFile; fileRef = 04A3E9E52843A1EB00E05EC0 /* AppDelegate.swift */; };
		04A3E9E82843A1EB00E05EC0 /* SceneDelegate.swift in Sources */ = {isa = PBXBuildFile; fileRef = 04A3E9E72843A1EB00E05EC0 /* SceneDelegate.swift */; };
		04A3E9EA2843A1EB00E05EC0 /* ViewController.swift in Sources */ = {isa = PBXBuildFile; fileRef = 04A3E9E92843A1EB00E05EC0 /* ViewController.swift */; };
		04A3E9ED2843A1EB00E05EC0 /* Main.storyboard in Resources */ = {isa = PBXBuildFile; fileRef = 04A3E9EB2843A1EB00E05EC0 /* Main.storyboard */; };
		04A3E9F02843A1EB00E05EC0 /* Constraint.xcdatamodeld in Sources */ = {isa = PBXBuildFile; fileRef = 04A3E9EE2843A1EB00E05EC0 /* Constraint.xcdatamodeld */; };
		04A3E9F22843A1ED00E05EC0 /* Assets.xcassets in Resources */ = {isa = PBXBuildFile; fileRef = 04A3E9F12843A1ED00E05EC0 /* Assets.xcassets */; };
		04A3E9F52843A1ED00E05EC0 /* LaunchScreen.storyboard in Resources */ = {isa = PBXBuildFile; fileRef = 04A3E9F32843A1ED00E05EC0 /* LaunchScreen.storyboard */; };
/* End PBXBuildFile section */

/* Begin PBXFileReference section */
		04A3E9E22843A1EB00E05EC0 /* Constraint.app */ = {isa = PBXFileReference; explicitFileType = wrapper.application; includeInIndex = 0; path = Constraint.app; sourceTree = BUILT_PRODUCTS_DIR; };
		04A3E9E52843A1EB00E05EC0 /* AppDelegate.swift */ = {isa = PBXFileReference; lastKnownFileType = sourcecode.swift; path = AppDelegate.swift; sourceTree = "<group>"; };
		04A3E9E72843A1EB00E05EC0 /* SceneDelegate.swift */ = {isa = PBXFileReference; lastKnownFileType = sourcecode.swift; path = SceneDelegate.swift; sourceTree = "<group>"; };
		04A3E9E92843A1EB00E05EC0 /* ViewController.swift */ = {isa = PBXFileReference; lastKnownFileType = sourcecode.swift; path = ViewController.swift; sourceTree = "<group>"; };
		04A3E9EC2843A1EB00E05EC0 /* Base */ = {isa = PBXFileReference; lastKnownFileType = file.storyboard; name = Base; path = Base.lproj/Main.storyboard; sourceTree = "<group>"; };
		04A3E9EF2843A1EB00E05EC0 /* Constraint.xcdatamodel */ = {isa = PBXFileReference; lastKnownFileType = wrapper.xcdatamodel; path = Constraint.xcdatamodel; sourceTree = "<group>"; };
		04A3E9F12843A1ED00E05EC0 /* Assets.xcassets */ = {isa = PBXFileReference; lastKnownFileType = folder.assetcatalog; path = Assets.xcassets; sourceTree = "<group>"; };
		04A3E9F42843A1ED00E05EC0 /* Base */ = {isa = PBXFileReference; lastKnownFileType = file.storyboard; name = Base; path = Base.lproj/LaunchScreen.storyboard; sourceTree = "<group>"; };
		04A3E9F62843A1EE00E05EC0 /* Info.plist */ = {isa = PBXFileReference; lastKnownFileType = text.plist.xml; path = Info.plist; sourceTree = "<group>"; };
/* End PBXFileReference section */

/* Begin PBXFrameworksBuildPhase section */
		04A3E9DF2843A1EB00E05EC0 /* Frameworks */ = {
			isa = PBXFrameworksBuildPhase;
			buildActionMask = 2147483647;
			files = (
			);
			runOnlyForDeploymentPostprocessing = 0;
		};
/* End PBXFrameworksBuildPhase section */

/* Begin PBXGroup section */
		04A3E9D92843A1EB00E05EC0 = {
			isa = PBXGroup;
			children = (
				04A3E9E42843A1EB00E05EC0 /* Constraint */,
				04A3E9E32843A1EB00E05EC0 /* Products */,
			);
			sourceTree = "<group>";
		};
		04A3E9E32843A1EB00E05EC0 /* Products */ = {
			isa = PBXGroup;
			children = (
				04A3E9E22843A1EB00E05EC0 /* Constraint.app */,
			);
			name = Products;
			sourceTree = "<group>";
		};
		04A3E9E42843A1EB00E05EC0 /* Constraint */ = {
			isa = PBXGroup;
			children = (
				04A3E9E52843A1EB00E05EC0 /* AppDelegate.swift */,
				04A3E9E72843A1EB00E05EC0 /* SceneDelegate.swift */,
				04A3E9E92843A1EB00E05EC0 /* ViewController.swift */,
				04A3E9EB2843A1EB00E05EC0 /* Main.storyboard */,
				04A3E9F12843A1ED00E05EC0 /* Assets.xcassets */,
				04A3E9F32843A1ED00E05EC0 /* LaunchScreen.storyboard */,
				04A3E9F62843A1EE00E05EC0 /* Info.plist */,
				04A3E9EE2843A1EB00E05EC0 /* Constraint.xcdatamodeld */,
			);
			path = Constraint;
			sourceTree = "<group>";
		};
/* End PBXGroup section */

/* Begin PBXNativeTarget section */
		04A3E9E12843A1EB00E05EC0 /* Constraint */ = {
			isa = PBXNativeTarget;
			buildConfigurationList = 04A3E9F92843A1EE00E05EC0 /* Build configuration list for PBXNativeTarget "Constraint" */;
			buildPhases = (
				04A3E9DE2843A1EB00E05EC0 /* Sources */,
				04A3E9DF2843A1EB00E05EC0 /* Frameworks */,
				04A3E9E02843A1EB00E05EC0 /* Resources */,
			);
			buildRules = (
			);
			dependencies = (
			);
			name = Constraint;
			productName = Constraint;
			productReference = 04A3E9E22843A1EB00E05EC0 /* Constraint.app */;
			productType = "com.apple.product-type.application";
		};
/* End PBXNativeTarget section */

/* Begin PBXProject section */
		04A3E9DA2843A1EB00E05EC0 /* Project object */ = {
			isa = PBXProject;
			attributes = {
				BuildIndependentTargetsInParallel = 1;
				LastSwiftUpdateCheck = 1320;
				LastUpgradeCheck = 1320;
				TargetAttributes = {
					04A3E9E12843A1EB00E05EC0 = {
						CreatedOnToolsVersion = 13.2.1;
					};
				};
			};
			buildConfigurationList = 04A3E9DD2843A1EB00E05EC0 /* Build configuration list for PBXProject "Constraint" */;
			compatibilityVersion = "Xcode 13.0";
			developmentRegion = en;
			hasScannedForEncodings = 0;
			knownRegions = (
				en,
				Base,
			);
			mainGroup = 04A3E9D92843A1EB00E05EC0;
			productRefGroup = 04A3E9E32843A1EB00E05EC0 /* Products */;
			projectDirPath = "";
			projectRoot = "";
			targets = (
				04A3E9E12843A1EB00E05EC0 /* Constraint */,
			);
		};
/* End PBXProject section */

/* Begin PBXResourcesBuildPhase section */
		04A3E9E02843A1EB00E05EC0 /* Resources */ = {
			isa = PBXResourcesBuildPhase;
			buildActionMask = 2147483647;
			files = (
				04A3E9F52843A1ED00E05EC0 /* LaunchScreen.storyboard in Resources */,
				04A3E9F22843A1ED00E05EC0 /* Assets.xcassets in Resources */,
				04A3E9ED2843A1EB00E05EC0 /* Main.storyboard in Resources */,
			);
			runOnlyForDeploymentPostprocessing = 0;
		};
/* End PBXResourcesBuildPhase section */

/* Begin PBXSourcesBuildPhase section */
		04A3E9DE2843A1EB00E05EC0 /* Sources */ = {
			isa = PBXSourcesBuildPhase;
			buildActionMask = 2147483647;
			files = (
				04A3E9F02843A1EB00E05EC0 /* Constraint.xcdatamodeld in Sources */,
				04A3E9EA2843A1EB00E05EC0 /* ViewController.swift in Sources */,
				04A3E9E62843A1EB00E05EC0 /* AppDelegate.swift in Sources */,
				04A3E9E82843A1EB00E05EC0 /* SceneDelegate.swift in Sources */,
			);
			runOnlyForDeploymentPostprocessing = 0;
		};
/* End PBXSourcesBuildPhase section */

/* Begin PBXVariantGroup section */
		04A3E9EB2843A1EB00E05EC0 /* Main.storyboard */ = {
			isa = PBXVariantGroup;
			children = (
				04A3E9EC2843A1EB00E05EC0 /* Base */,
			);
			name = Main.storyboard;
			sourceTree = "<group>";
		};
		04A3E9F32843A1ED00E05EC0 /* LaunchScreen.storyboard */ = {
			isa = PBXVariantGroup;
			children = (
				04A3E9F42843A1ED00E05EC0 /* Base */,
			);
			name = LaunchScreen.storyboard;
			sourceTree = "<group>";
		};
/* End PBXVariantGroup section */

/* Begin XCBuildConfiguration section */
		04A3E9F72843A1EE00E05EC0 /* Debug */ = {
			isa = XCBuildConfiguration;
			buildSettings = {
				ALWAYS_SEARCH_USER_PATHS = NO;
				CLANG_ANALYZER_NONNULL = YES;
				CLANG_ANALYZER_NUMBER_OBJECT_CONVERSION = YES_AGGRESSIVE;
				CLANG_CXX_LANGUAGE_STANDARD = "gnu++17";
				CLANG_CXX_LIBRARY = "libc++";
				CLANG_ENABLE_MODULES = YES;
				CLANG_ENABLE_OBJC_ARC = YES;
				CLANG_ENABLE_OBJC_WEAK = YES;
				CLANG_WARN_BLOCK_CAPTURE_AUTORELEASING = YES;
				CLANG_WARN_BOOL_CONVERSION = YES;
				CLANG_WARN_COMMA = YES;
				CLANG_WARN_CONSTANT_CONVERSION = YES;
				CLANG_WARN_DEPRECATED_OBJC_IMPLEMENTATIONS = YES;
				CLANG_WARN_DIRECT_OBJC_ISA_USAGE = YES_ERROR;
				CLANG_WARN_DOCUMENTATION_COMMENTS = YES;
				CLANG_WARN_EMPTY_BODY = YES;
				CLANG_WARN_ENUM_CONVERSION = YES;
				CLANG_WARN_INFINITE_RECURSION = YES;
				CLANG_WARN_INT_CONVERSION = YES;
				CLANG_WARN_NON_LITERAL_NULL_CONVERSION = YES;
				CLANG_WARN_OBJC_IMPLICIT_RETAIN_SELF = YES;
				CLANG_WARN_OBJC_LITERAL_CONVERSION = YES;
				CLANG_WARN_OBJC_ROOT_CLASS = YES_ERROR;
				CLANG_WARN_QUOTED_INCLUDE_IN_FRAMEWORK_HEADER = YES;
				CLANG_WARN_RANGE_LOOP_ANALYSIS = YES;
				CLANG_WARN_STRICT_PROTOTYPES = YES;
				CLANG_WARN_SUSPICIOUS_MOVE = YES;
				CLANG_WARN_UNGUARDED_AVAILABILITY = YES_AGGRESSIVE;
				CLANG_WARN_UNREACHABLE_CODE = YES;
				CLANG_WARN__DUPLICATE_METHOD_MATCH = YES;
				COPY_PHASE_STRIP = NO;
				DEBUG_INFORMATION_FORMAT = dwarf;
				ENABLE_STRICT_OBJC_MSGSEND = YES;
				ENABLE_TESTABILITY = YES;
				GCC_C_LANGUAGE_STANDARD = gnu11;
				GCC_DYNAMIC_NO_PIC = NO;
				GCC_NO_COMMON_BLOCKS = YES;
				GCC_OPTIMIZATION_LEVEL = 0;
				GCC_PREPROCESSOR_DEFINITIONS = (
					"DEBUG=1",
					"$(inherited)",
				);
				GCC_WARN_64_TO_32_BIT_CONVERSION = YES;
				GCC_WARN_ABOUT_RETURN_TYPE = YES_ERROR;
				GCC_WARN_UNDECLARED_SELECTOR = YES;
				GCC_WARN_UNINITIALIZED_AUTOS = YES_AGGRESSIVE;
				GCC_WARN_UNUSED_FUNCTION = YES;
				GCC_WARN_UNUSED_VARIABLE = YES;
				IPHONEOS_DEPLOYMENT_TARGET = 15.2;
				MTL_ENABLE_DEBUG_INFO = INCLUDE_SOURCE;
				MTL_FAST_MATH = YES;
				ONLY_ACTIVE_ARCH = YES;
				SDKROOT = iphoneos;
				SWIFT_ACTIVE_COMPILATION_CONDITIONS = DEBUG;
				SWIFT_OPTIMIZATION_LEVEL = "-Onone";
			};
			name = Debug;
		};
		04A3E9F82843A1EE00E05EC0 /* Release */ = {
			isa = XCBuildConfiguration;
			buildSettings = {
				ALWAYS_SEARCH_USER_PATHS = NO;
				CLANG_ANALYZER_NONNULL = YES;
				CLANG_ANALYZER_NUMBER_OBJECT_CONVERSION = YES_AGGRESSIVE;
				CLANG_CXX_LANGUAGE_STANDARD = "gnu++17";
				CLANG_CXX_LIBRARY = "libc++";
				CLANG_ENABLE_MODULES = YES;
				CLANG_ENABLE_OBJC_ARC = YES;
				CLANG_ENABLE_OBJC_WEAK = YES;
				CLANG_WARN_BLOCK_CAPTURE_AUTORELEASING = YES;
				CLANG_WARN_BOOL_CONVERSION = YES;
				CLANG_WARN_COMMA = YES;
				CLANG_WARN_CONSTANT_CONVERSION = YES;
				CLANG_WARN_DEPRECATED_OBJC_IMPLEMENTATIONS = YES;
				CLANG_WARN_DIRECT_OBJC_ISA_USAGE = YES_ERROR;
				CLANG_WARN_DOCUMENTATION_COMMENTS = YES;
				CLANG_WARN_EMPTY_BODY = YES;
				CLANG_WARN_ENUM_CONVERSION = YES;
				CLANG_WARN_INFINITE_RECURSION = YES;
				CLANG_WARN_INT_CONVERSION = YES;
				CLANG_WARN_NON_LITERAL_NULL_CONVERSION = YES;
				CLANG_WARN_OBJC_IMPLICIT_RETAIN_SELF = YES;
				CLANG_WARN_OBJC_LITERAL_CONVERSION = YES;
				CLANG_WARN_OBJC_ROOT_CLASS = YES_ERROR;
				CLANG_WARN_QUOTED_INCLUDE_IN_FRAMEWORK_HEADER = YES;
				CLANG_WARN_RANGE_LOOP_ANALYSIS = YES;
				CLANG_WARN_STRICT_PROTOTYPES = YES;
				CLANG_WARN_SUSPICIOUS_MOVE = YES;
				CLANG_WARN_UNGUARDED_AVAILABILITY = YES_AGGRESSIVE;
				CLANG_WARN_UNREACHABLE_CODE = YES;
				CLANG_WARN__DUPLICATE_METHOD_MATCH = YES;
				COPY_PHASE_STRIP = NO;
				DEBUG_INFORMATION_FORMAT = "dwarf-with-dsym";
				ENABLE_NS_ASSERTIONS = NO;
				ENABLE_STRICT_OBJC_MSGSEND = YES;
				GCC_C_LANGUAGE_STANDARD = gnu11;
				GCC_NO_COMMON_BLOCKS = YES;
				GCC_WARN_64_TO_32_BIT_CONVERSION = YES;
				GCC_WARN_ABOUT_RETURN_TYPE = YES_ERROR;
				GCC_WARN_UNDECLARED_SELECTOR = YES;
				GCC_WARN_UNINITIALIZED_AUTOS = YES_AGGRESSIVE;
				GCC_WARN_UNUSED_FUNCTION = YES;
				GCC_WARN_UNUSED_VARIABLE = YES;
				IPHONEOS_DEPLOYMENT_TARGET = 15.2;
				MTL_ENABLE_DEBUG_INFO = NO;
				MTL_FAST_MATH = YES;
				SDKROOT = iphoneos;
				SWIFT_COMPILATION_MODE = wholemodule;
				SWIFT_OPTIMIZATION_LEVEL = "-O";
				VALIDATE_PRODUCT = YES;
			};
			name = Release;
		};
		04A3E9FA2843A1EE00E05EC0 /* Debug */ = {
			isa = XCBuildConfiguration;
			buildSettings = {
				ASSETCATALOG_COMPILER_APPICON_NAME = AppIcon;
				ASSETCATALOG_COMPILER_GLOBAL_ACCENT_COLOR_NAME = AccentColor;
				CODE_SIGN_STYLE = Automatic;
				CURRENT_PROJECT_VERSION = 1;
				GENERATE_INFOPLIST_FILE = YES;
				INFOPLIST_FILE = Constraint/Info.plist;
				INFOPLIST_KEY_UIApplicationSupportsIndirectInputEvents = YES;
				INFOPLIST_KEY_UILaunchStoryboardName = LaunchScreen;
				INFOPLIST_KEY_UIMainStoryboardFile = Main;
				INFOPLIST_KEY_UISupportedInterfaceOrientations_iPad = "UIInterfaceOrientationPortrait UIInterfaceOrientationPortraitUpsideDown UIInterfaceOrientationLandscapeLeft UIInterfaceOrientationLandscapeRight";
				INFOPLIST_KEY_UISupportedInterfaceOrientations_iPhone = "UIInterfaceOrientationPortrait UIInterfaceOrientationLandscapeLeft UIInterfaceOrientationLandscapeRight";
				LD_RUNPATH_SEARCH_PATHS = (
					"$(inherited)",
					"@executable_path/Frameworks",
				);
				MARKETING_VERSION = 1.0;
				PRODUCT_BUNDLE_IDENTIFIER = com.Ahmed.Constraint;
				PRODUCT_NAME = "$(TARGET_NAME)";
				SWIFT_EMIT_LOC_STRINGS = YES;
				SWIFT_VERSION = 5.0;
				TARGETED_DEVICE_FAMILY = "1,2";
			};
			name = Debug;
		};
		04A3E9FB2843A1EE00E05EC0 /* Release */ = {
			isa = XCBuildConfiguration;
			buildSettings = {
				ASSETCATALOG_COMPILER_APPICON_NAME = AppIcon;
				ASSETCATALOG_COMPILER_GLOBAL_ACCENT_COLOR_NAME = AccentColor;
				CODE_SIGN_STYLE = Automatic;
				CURRENT_PROJECT_VERSION = 1;
				GENERATE_INFOPLIST_FILE = YES;
				INFOPLIST_FILE = Constraint/Info.plist;
				INFOPLIST_KEY_UIApplicationSupportsIndirectInputEvents = YES;
				INFOPLIST_KEY_UILaunchStoryboardName = LaunchScreen;
				INFOPLIST_KEY_UIMainStoryboardFile = Main;
				INFOPLIST_KEY_UISupportedInterfaceOrientations_iPad = "UIInterfaceOrientationPortrait UIInterfaceOrientationPortraitUpsideDown UIInterfaceOrientationLandscapeLeft UIInterfaceOrientationLandscapeRight";
				INFOPLIST_KEY_UISupportedInterfaceOrientations_iPhone = "UIInterfaceOrientationPortrait UIInterfaceOrientationLandscapeLeft UIInterfaceOrientationLandscapeRight";
				LD_RUNPATH_SEARCH_PATHS = (
					"$(inherited)",
					"@executable_path/Frameworks",
				);
				MARKETING_VERSION = 1.0;
				PRODUCT_BUNDLE_IDENTIFIER = com.Ahmed.Constraint;
				PRODUCT_NAME = "$(TARGET_NAME)";
				SWIFT_EMIT_LOC_STRINGS = YES;
				SWIFT_VERSION = 5.0;
				TARGETED_DEVICE_FAMILY = "1,2";
			};
			name = Release;
		};
/* End XCBuildConfiguration section */

/* Begin XCConfigurationList section */
		04A3E9DD2843A1EB00E05EC0 /* Build configuration list for PBXProject "Constraint" */ = {
			isa = XCConfigurationList;
			buildConfigurations = (
				04A3E9F72843A1EE00E05EC0 /* Debug */,
				04A3E9F82843A1EE00E05EC0 /* Release */,
			);
			defaultConfigurationIsVisible = 0;
			defaultConfigurationName = Release;
		};
		04A3E9F92843A1EE00E05EC0 /* Build configuration list for PBXNativeTarget "Constraint" */ = {
			isa = XCConfigurationList;
			buildConfigurations = (
				04A3E9FA2843A1EE00E05EC0 /* Debug */,
				04A3E9FB2843A1EE00E05EC0 /* Release */,
			);
			defaultConfigurationIsVisible = 0;
			defaultConfigurationName = Release;
		};
/* End XCConfigurationList section */

/* Begin XCVersionGroup section */
		04A3E9EE2843A1EB00E05EC0 /* Constraint.xcdatamodeld */ = {
			isa = XCVersionGroup;
			children = (
				04A3E9EF2843A1EB00E05EC0 /* Constraint.xcdatamodel */,
			);
			currentVersion = 04A3E9EF2843A1EB00E05EC0 /* Constraint.xcdatamodel */;
			path = Constraint.xcdatamodeld;
			sourceTree = "<group>";
			versionGroupType = wrapper.xcdatamodel;
		};
/* End XCVersionGroup section */
	};
	rootObject = 04A3E9DA2843A1EB00E05EC0 /* Project object */;
}
